
Microsoft Visual Studio Solution File, Format Version 12.00
# Visual Studio Version 17
VisualStudioVersion = 17.9.34217.233
MinimumVisualStudioVersion = 10.0.40219.1
Project("{FAE04EC0-301F-11D3-BF4B-00C04F79EFBC}") = "GetVirtualDiskInformation", "GetVirtualDiskInformation\GetVirtualDiskInformation.csproj", "{CFDD25CF-1827-42B4-9D96-900C6D1DBC1E}"
EndProject
Global
	GlobalSection(SolutionConfigurationPlatforms) = preSolution
		Debug|Any CPU = Debug|Any CPU
		Release|Any CPU = Release|Any CPU
	EndGlobalSection
	GlobalSection(ProjectConfigurationPlatforms) = postSolution
		{CFDD25CF-1827-42B4-9D96-900C6D1DBC1E}.Debug|Any CPU.ActiveCfg = Debug|Any CPU
		{CFDD25CF-1827-42B4-9D96-900C6D1DBC1E}.Debug|Any CPU.Build.0 = Debug|Any CPU
		{CFDD25CF-1827-42B4-9D96-900C6D1DBC1E}.Release|Any CPU.ActiveCfg = Release|Any CPU
		{CFDD25CF-1827-42B4-9D96-900C6D1DBC1E}.Release|Any CPU.Build.0 = Release|Any CPU
	EndGlobalSection
	GlobalSection(SolutionProperties) = preSolution
		HideSolutionNode = FALSE
	EndGlobalSection
	GlobalSection(ExtensibilityGlobals) = postSolution
		SolutionGuid = {037F2A90-B656-45E3-88E7-FD1E3F11C372}
	EndGlobalSection
EndGlobal
